
Microsoft Visual Studio Solution File, Format Version 12.00
# Visual Studio 15
VisualStudioVersion = 15.0.26430.15
MinimumVisualStudioVersion = 10.0.40219.1
Project("{FAE04EC0-301F-11D3-BF4B-00C04F79EFBC}") = "AMDb.Android", "AMDb\AMDb.Android\AMDb.Android.csproj", "{84775096-4D09-427C-8C5F-A4852661C574}"
EndProject
Project("{FAE04EC0-301F-11D3-BF4B-00C04F79EFBC}") = "AMDb", "AMDb\AMDb\AMDb.csproj", "{D7BC29C6-8950-4054-8A51-170B9DB36367}"
EndProject
Project("{FAE04EC0-301F-11D3-BF4B-00C04F79EFBC}") = "AMDb.UWP", "AMDb\AMDb.UWP\AMDb.UWP.csproj", "{FBF6ADA8-03F6-4399-ACDE-65A9DB0BB17C}"
EndProject
Project("{FAE04EC0-301F-11D3-BF4B-00C04F79EFBC}") = "AMDb.iOS", "AMDb\AMDb.iOS\AMDb.iOS.csproj", "{419E2EF5-7E9F-4BFB-9389-D2A8E0F329ED}"
EndProject
Project("{FAE04EC0-301F-11D3-BF4B-00C04F79EFBC}") = "AMDbPCL", "AMDb\IOSWeek1\AMDbPCL.csproj", "{5FD40872-09FC-46C4-892D-084C419EE126}"
EndProject
Global
	GlobalSection(SolutionConfigurationPlatforms) = preSolution
		Ad-Hoc|Any CPU = Ad-Hoc|Any CPU
		Ad-Hoc|ARM = Ad-Hoc|ARM
		Ad-Hoc|iPhone = Ad-Hoc|iPhone
		Ad-Hoc|iPhoneSimulator = Ad-Hoc|iPhoneSimulator
		Ad-Hoc|x64 = Ad-Hoc|x64
		Ad-Hoc|x86 = Ad-Hoc|x86
		AppStore|Any CPU = AppStore|Any CPU
		AppStore|ARM = AppStore|ARM
		AppStore|iPhone = AppStore|iPhone
		AppStore|iPhoneSimulator = AppStore|iPhoneSimulator
		AppStore|x64 = AppStore|x64
		AppStore|x86 = AppStore|x86
		Debug|Any CPU = Debug|Any CPU
		Debug|ARM = Debug|ARM
		Debug|iPhone = Debug|iPhone
		Debug|iPhoneSimulator = Debug|iPhoneSimulator
		Debug|x64 = Debug|x64
		Debug|x86 = Debug|x86
		Release|Any CPU = Release|Any CPU
		Release|ARM = Release|ARM
		Release|iPhone = Release|iPhone
		Release|iPhoneSimulator = Release|iPhoneSimulator
		Release|x64 = Release|x64
		Release|x86 = Release|x86
	EndGlobalSection
	GlobalSection(ProjectConfigurationPlatforms) = postSolution
		{84775096-4D09-427C-8C5F-A4852661C574}.Ad-Hoc|Any CPU.ActiveCfg = Release|Any CPU
		{84775096-4D09-427C-8C5F-A4852661C574}.Ad-Hoc|Any CPU.Build.0 = Release|Any CPU
		{84775096-4D09-427C-8C5F-A4852661C574}.Ad-Hoc|Any CPU.Deploy.0 = Release|Any CPU
		{84775096-4D09-427C-8C5F-A4852661C574}.Ad-Hoc|ARM.ActiveCfg = Release|Any CPU
		{84775096-4D09-427C-8C5F-A4852661C574}.Ad-Hoc|ARM.Build.0 = Release|Any CPU
		{84775096-4D09-427C-8C5F-A4852661C574}.Ad-Hoc|ARM.Deploy.0 = Release|Any CPU
		{84775096-4D09-427C-8C5F-A4852661C574}.Ad-Hoc|iPhone.ActiveCfg = Release|Any CPU
		{84775096-4D09-427C-8C5F-A4852661C574}.Ad-Hoc|iPhone.Build.0 = Release|Any CPU
		{84775096-4D09-427C-8C5F-A4852661C574}.Ad-Hoc|iPhone.Deploy.0 = Release|Any CPU
		{84775096-4D09-427C-8C5F-A4852661C574}.Ad-Hoc|iPhoneSimulator.ActiveCfg = Release|Any CPU
		{84775096-4D09-427C-8C5F-A4852661C574}.Ad-Hoc|iPhoneSimulator.Build.0 = Release|Any CPU
		{84775096-4D09-427C-8C5F-A4852661C574}.Ad-Hoc|iPhoneSimulator.Deploy.0 = Release|Any CPU
		{84775096-4D09-427C-8C5F-A4852661C574}.Ad-Hoc|x64.ActiveCfg = Release|Any CPU
		{84775096-4D09-427C-8C5F-A4852661C574}.Ad-Hoc|x64.Build.0 = Release|Any CPU
		{84775096-4D09-427C-8C5F-A4852661C574}.Ad-Hoc|x64.Deploy.0 = Release|Any CPU
		{84775096-4D09-427C-8C5F-A4852661C574}.Ad-Hoc|x86.ActiveCfg = Release|Any CPU
		{84775096-4D09-427C-8C5F-A4852661C574}.Ad-Hoc|x86.Build.0 = Release|Any CPU
		{84775096-4D09-427C-8C5F-A4852661C574}.Ad-Hoc|x86.Deploy.0 = Release|Any CPU
		{84775096-4D09-427C-8C5F-A4852661C574}.AppStore|Any CPU.ActiveCfg = Release|Any CPU
		{84775096-4D09-427C-8C5F-A4852661C574}.AppStore|Any CPU.Build.0 = Release|Any CPU
		{84775096-4D09-427C-8C5F-A4852661C574}.AppStore|Any CPU.Deploy.0 = Release|Any CPU
		{84775096-4D09-427C-8C5F-A4852661C574}.AppStore|ARM.ActiveCfg = Release|Any CPU
		{84775096-4D09-427C-8C5F-A4852661C574}.AppStore|ARM.Build.0 = Release|Any CPU
		{84775096-4D09-427C-8C5F-A4852661C574}.AppStore|ARM.Deploy.0 = Release|Any CPU
		{84775096-4D09-427C-8C5F-A4852661C574}.AppStore|iPhone.ActiveCfg = Release|Any CPU
		{84775096-4D09-427C-8C5F-A4852661C574}.AppStore|iPhone.Build.0 = Release|Any CPU
		{84775096-4D09-427C-8C5F-A4852661C574}.AppStore|iPhone.Deploy.0 = Release|Any CPU
		{84775096-4D09-427C-8C5F-A4852661C574}.AppStore|iPhoneSimulator.ActiveCfg = Release|Any CPU
		{84775096-4D09-427C-8C5F-A4852661C574}.AppStore|iPhoneSimulator.Build.0 = Release|Any CPU
		{84775096-4D09-427C-8C5F-A4852661C574}.AppStore|iPhoneSimulator.Deploy.0 = Release|Any CPU
		{84775096-4D09-427C-8C5F-A4852661C574}.AppStore|x64.ActiveCfg = Release|Any CPU
		{84775096-4D09-427C-8C5F-A4852661C574}.AppStore|x64.Build.0 = Release|Any CPU
		{84775096-4D09-427C-8C5F-A4852661C574}.AppStore|x64.Deploy.0 = Release|Any CPU
		{84775096-4D09-427C-8C5F-A4852661C574}.AppStore|x86.ActiveCfg = Release|Any CPU
		{84775096-4D09-427C-8C5F-A4852661C574}.AppStore|x86.Build.0 = Release|Any CPU
		{84775096-4D09-427C-8C5F-A4852661C574}.AppStore|x86.Deploy.0 = Release|Any CPU
		{84775096-4D09-427C-8C5F-A4852661C574}.Debug|Any CPU.ActiveCfg = Debug|Any CPU
		{84775096-4D09-427C-8C5F-A4852661C574}.Debug|Any CPU.Build.0 = Debug|Any CPU
		{84775096-4D09-427C-8C5F-A4852661C574}.Debug|Any CPU.Deploy.0 = Debug|Any CPU
		{84775096-4D09-427C-8C5F-A4852661C574}.Debug|ARM.ActiveCfg = Debug|Any CPU
		{84775096-4D09-427C-8C5F-A4852661C574}.Debug|ARM.Build.0 = Debug|Any CPU
		{84775096-4D09-427C-8C5F-A4852661C574}.Debug|ARM.Deploy.0 = Debug|Any CPU
		{84775096-4D09-427C-8C5F-A4852661C574}.Debug|iPhone.ActiveCfg = Debug|Any CPU
		{84775096-4D09-427C-8C5F-A4852661C574}.Debug|iPhone.Build.0 = Debug|Any CPU
		{84775096-4D09-427C-8C5F-A4852661C574}.Debug|iPhone.Deploy.0 = Debug|Any CPU
		{84775096-4D09-427C-8C5F-A4852661C574}.Debug|iPhoneSimulator.ActiveCfg = Debug|Any CPU
		{84775096-4D09-427C-8C5F-A4852661C574}.Debug|iPhoneSimulator.Build.0 = Debug|Any CPU
		{84775096-4D09-427C-8C5F-A4852661C574}.Debug|x64.ActiveCfg = Debug|Any CPU
		{84775096-4D09-427C-8C5F-A4852661C574}.Debug|x64.Build.0 = Debug|Any CPU
		{84775096-4D09-427C-8C5F-A4852661C574}.Debug|x64.Deploy.0 = Debug|Any CPU
		{84775096-4D09-427C-8C5F-A4852661C574}.Debug|x86.ActiveCfg = Debug|Any CPU
		{84775096-4D09-427C-8C5F-A4852661C574}.Debug|x86.Build.0 = Debug|Any CPU
		{84775096-4D09-427C-8C5F-A4852661C574}.Debug|x86.Deploy.0 = Debug|Any CPU
		{84775096-4D09-427C-8C5F-A4852661C574}.Release|Any CPU.ActiveCfg = Release|Any CPU
		{84775096-4D09-427C-8C5F-A4852661C574}.Release|Any CPU.Build.0 = Release|Any CPU
		{84775096-4D09-427C-8C5F-A4852661C574}.Release|Any CPU.Deploy.0 = Release|Any CPU
		{84775096-4D09-427C-8C5F-A4852661C574}.Release|ARM.ActiveCfg = Release|Any CPU
		{84775096-4D09-427C-8C5F-A4852661C574}.Release|ARM.Build.0 = Release|Any CPU
		{84775096-4D09-427C-8C5F-A4852661C574}.Release|ARM.Deploy.0 = Release|Any CPU
		{84775096-4D09-427C-8C5F-A4852661C574}.Release|iPhone.ActiveCfg = Release|Any CPU
		{84775096-4D09-427C-8C5F-A4852661C574}.Release|iPhone.Build.0 = Release|Any CPU
		{84775096-4D09-427C-8C5F-A4852661C574}.Release|iPhone.Deploy.0 = Release|Any CPU
		{84775096-4D09-427C-8C5F-A4852661C574}.Release|iPhoneSimulator.ActiveCfg = Release|Any CPU
		{84775096-4D09-427C-8C5F-A4852661C574}.Release|iPhoneSimulator.Build.0 = Release|Any CPU
		{84775096-4D09-427C-8C5F-A4852661C574}.Release|iPhoneSimulator.Deploy.0 = Release|Any CPU
		{84775096-4D09-427C-8C5F-A4852661C574}.Release|x64.ActiveCfg = Release|Any CPU
		{84775096-4D09-427C-8C5F-A4852661C574}.Release|x64.Build.0 = Release|Any CPU
		{84775096-4D09-427C-8C5F-A4852661C574}.Release|x64.Deploy.0 = Release|Any CPU
		{84775096-4D09-427C-8C5F-A4852661C574}.Release|x86.ActiveCfg = Release|Any CPU
		{84775096-4D09-427C-8C5F-A4852661C574}.Release|x86.Build.0 = Release|Any CPU
		{84775096-4D09-427C-8C5F-A4852661C574}.Release|x86.Deploy.0 = Release|Any CPU
		{D7BC29C6-8950-4054-8A51-170B9DB36367}.Ad-Hoc|Any CPU.ActiveCfg = Release|Any CPU
		{D7BC29C6-8950-4054-8A51-170B9DB36367}.Ad-Hoc|Any CPU.Build.0 = Release|Any CPU
		{D7BC29C6-8950-4054-8A51-170B9DB36367}.Ad-Hoc|ARM.ActiveCfg = Release|Any CPU
		{D7BC29C6-8950-4054-8A51-170B9DB36367}.Ad-Hoc|ARM.Build.0 = Release|Any CPU
		{D7BC29C6-8950-4054-8A51-170B9DB36367}.Ad-Hoc|iPhone.ActiveCfg = Release|Any CPU
		{D7BC29C6-8950-4054-8A51-170B9DB36367}.Ad-Hoc|iPhone.Build.0 = Release|Any CPU
		{D7BC29C6-8950-4054-8A51-170B9DB36367}.Ad-Hoc|iPhoneSimulator.ActiveCfg = Release|Any CPU
		{D7BC29C6-8950-4054-8A51-170B9DB36367}.Ad-Hoc|iPhoneSimulator.Build.0 = Release|Any CPU
		{D7BC29C6-8950-4054-8A51-170B9DB36367}.Ad-Hoc|x64.ActiveCfg = Release|Any CPU
		{D7BC29C6-8950-4054-8A51-170B9DB36367}.Ad-Hoc|x64.Build.0 = Release|Any CPU
		{D7BC29C6-8950-4054-8A51-170B9DB36367}.Ad-Hoc|x86.ActiveCfg = Release|Any CPU
		{D7BC29C6-8950-4054-8A51-170B9DB36367}.Ad-Hoc|x86.Build.0 = Release|Any CPU
		{D7BC29C6-8950-4054-8A51-170B9DB36367}.AppStore|Any CPU.ActiveCfg = Release|Any CPU
		{D7BC29C6-8950-4054-8A51-170B9DB36367}.AppStore|Any CPU.Build.0 = Release|Any CPU
		{D7BC29C6-8950-4054-8A51-170B9DB36367}.AppStore|ARM.ActiveCfg = Release|Any CPU
		{D7BC29C6-8950-4054-8A51-170B9DB36367}.AppStore|ARM.Build.0 = Release|Any CPU
		{D7BC29C6-8950-4054-8A51-170B9DB36367}.AppStore|iPhone.ActiveCfg = Release|Any CPU
		{D7BC29C6-8950-4054-8A51-170B9DB36367}.AppStore|iPhone.Build.0 = Release|Any CPU
		{D7BC29C6-8950-4054-8A51-170B9DB36367}.AppStore|iPhoneSimulator.ActiveCfg = Release|Any CPU
		{D7BC29C6-8950-4054-8A51-170B9DB36367}.AppStore|iPhoneSimulator.Build.0 = Release|Any CPU
		{D7BC29C6-8950-4054-8A51-170B9DB36367}.AppStore|x64.ActiveCfg = Release|Any CPU
		{D7BC29C6-8950-4054-8A51-170B9DB36367}.AppStore|x64.Build.0 = Release|Any CPU
		{D7BC29C6-8950-4054-8A51-170B9DB36367}.AppStore|x86.ActiveCfg = Release|Any CPU
		{D7BC29C6-8950-4054-8A51-170B9DB36367}.AppStore|x86.Build.0 = Release|Any CPU
		{D7BC29C6-8950-4054-8A51-170B9DB36367}.Debug|Any CPU.ActiveCfg = Debug|Any CPU
		{D7BC29C6-8950-4054-8A51-170B9DB36367}.Debug|Any CPU.Build.0 = Debug|Any CPU
		{D7BC29C6-8950-4054-8A51-170B9DB36367}.Debug|ARM.ActiveCfg = Debug|Any CPU
		{D7BC29C6-8950-4054-8A51-170B9DB36367}.Debug|ARM.Build.0 = Debug|Any CPU
		{D7BC29C6-8950-4054-8A51-170B9DB36367}.Debug|iPhone.ActiveCfg = Debug|Any CPU
		{D7BC29C6-8950-4054-8A51-170B9DB36367}.Debug|iPhone.Build.0 = Debug|Any CPU
		{D7BC29C6-8950-4054-8A51-170B9DB36367}.Debug|iPhoneSimulator.ActiveCfg = Debug|Any CPU
		{D7BC29C6-8950-4054-8A51-170B9DB36367}.Debug|iPhoneSimulator.Build.0 = Debug|Any CPU
		{D7BC29C6-8950-4054-8A51-170B9DB36367}.Debug|x64.ActiveCfg = Debug|Any CPU
		{D7BC29C6-8950-4054-8A51-170B9DB36367}.Debug|x64.Build.0 = Debug|Any CPU
		{D7BC29C6-8950-4054-8A51-170B9DB36367}.Debug|x86.ActiveCfg = Debug|Any CPU
		{D7BC29C6-8950-4054-8A51-170B9DB36367}.Debug|x86.Build.0 = Debug|Any CPU
		{D7BC29C6-8950-4054-8A51-170B9DB36367}.Release|Any CPU.ActiveCfg = Release|Any CPU
		{D7BC29C6-8950-4054-8A51-170B9DB36367}.Release|Any CPU.Build.0 = Release|Any CPU
		{D7BC29C6-8950-4054-8A51-170B9DB36367}.Release|ARM.ActiveCfg = Release|Any CPU
		{D7BC29C6-8950-4054-8A51-170B9DB36367}.Release|ARM.Build.0 = Release|Any CPU
		{D7BC29C6-8950-4054-8A51-170B9DB36367}.Release|iPhone.ActiveCfg = Release|Any CPU
		{D7BC29C6-8950-4054-8A51-170B9DB36367}.Release|iPhone.Build.0 = Release|Any CPU
		{D7BC29C6-8950-4054-8A51-170B9DB36367}.Release|iPhoneSimulator.ActiveCfg = Release|Any CPU
		{D7BC29C6-8950-4054-8A51-170B9DB36367}.Release|iPhoneSimulator.Build.0 = Release|Any CPU
		{D7BC29C6-8950-4054-8A51-170B9DB36367}.Release|x64.ActiveCfg = Release|Any CPU
		{D7BC29C6-8950-4054-8A51-170B9DB36367}.Release|x64.Build.0 = Release|Any CPU
		{D7BC29C6-8950-4054-8A51-170B9DB36367}.Release|x86.ActiveCfg = Release|Any CPU
		{D7BC29C6-8950-4054-8A51-170B9DB36367}.Release|x86.Build.0 = Release|Any CPU
		{FBF6ADA8-03F6-4399-ACDE-65A9DB0BB17C}.Ad-Hoc|Any CPU.ActiveCfg = Release|x86
		{FBF6ADA8-03F6-4399-ACDE-65A9DB0BB17C}.Ad-Hoc|Any CPU.Build.0 = Release|x86
		{FBF6ADA8-03F6-4399-ACDE-65A9DB0BB17C}.Ad-Hoc|Any CPU.Deploy.0 = Release|x86
		{FBF6ADA8-03F6-4399-ACDE-65A9DB0BB17C}.Ad-Hoc|ARM.ActiveCfg = Release|ARM
		{FBF6ADA8-03F6-4399-ACDE-65A9DB0BB17C}.Ad-Hoc|ARM.Build.0 = Release|ARM
		{FBF6ADA8-03F6-4399-ACDE-65A9DB0BB17C}.Ad-Hoc|ARM.Deploy.0 = Release|ARM
		{FBF6ADA8-03F6-4399-ACDE-65A9DB0BB17C}.Ad-Hoc|iPhone.ActiveCfg = Release|x86
		{FBF6ADA8-03F6-4399-ACDE-65A9DB0BB17C}.Ad-Hoc|iPhone.Build.0 = Release|x86
		{FBF6ADA8-03F6-4399-ACDE-65A9DB0BB17C}.Ad-Hoc|iPhone.Deploy.0 = Release|x86
		{FBF6ADA8-03F6-4399-ACDE-65A9DB0BB17C}.Ad-Hoc|iPhoneSimulator.ActiveCfg = Release|x86
		{FBF6ADA8-03F6-4399-ACDE-65A9DB0BB17C}.Ad-Hoc|iPhoneSimulator.Build.0 = Release|x86
		{FBF6ADA8-03F6-4399-ACDE-65A9DB0BB17C}.Ad-Hoc|iPhoneSimulator.Deploy.0 = Release|x86
		{FBF6ADA8-03F6-4399-ACDE-65A9DB0BB17C}.Ad-Hoc|x64.ActiveCfg = Release|x64
		{FBF6ADA8-03F6-4399-ACDE-65A9DB0BB17C}.Ad-Hoc|x64.Build.0 = Release|x64
		{FBF6ADA8-03F6-4399-ACDE-65A9DB0BB17C}.Ad-Hoc|x64.Deploy.0 = Release|x64
		{FBF6ADA8-03F6-4399-ACDE-65A9DB0BB17C}.Ad-Hoc|x86.ActiveCfg = Release|x86
		{FBF6ADA8-03F6-4399-ACDE-65A9DB0BB17C}.Ad-Hoc|x86.Build.0 = Release|x86
		{FBF6ADA8-03F6-4399-ACDE-65A9DB0BB17C}.Ad-Hoc|x86.Deploy.0 = Release|x86
		{FBF6ADA8-03F6-4399-ACDE-65A9DB0BB17C}.AppStore|Any CPU.ActiveCfg = Release|x86
		{FBF6ADA8-03F6-4399-ACDE-65A9DB0BB17C}.AppStore|Any CPU.Build.0 = Release|x86
		{FBF6ADA8-03F6-4399-ACDE-65A9DB0BB17C}.AppStore|Any CPU.Deploy.0 = Release|x86
		{FBF6ADA8-03F6-4399-ACDE-65A9DB0BB17C}.AppStore|ARM.ActiveCfg = Release|ARM
		{FBF6ADA8-03F6-4399-ACDE-65A9DB0BB17C}.AppStore|ARM.Build.0 = Release|ARM
		{FBF6ADA8-03F6-4399-ACDE-65A9DB0BB17C}.AppStore|ARM.Deploy.0 = Release|ARM
		{FBF6ADA8-03F6-4399-ACDE-65A9DB0BB17C}.AppStore|iPhone.ActiveCfg = Release|x86
		{FBF6ADA8-03F6-4399-ACDE-65A9DB0BB17C}.AppStore|iPhone.Build.0 = Release|x86
		{FBF6ADA8-03F6-4399-ACDE-65A9DB0BB17C}.AppStore|iPhone.Deploy.0 = Release|x86
		{FBF6ADA8-03F6-4399-ACDE-65A9DB0BB17C}.AppStore|iPhoneSimulator.ActiveCfg = Release|x86
		{FBF6ADA8-03F6-4399-ACDE-65A9DB0BB17C}.AppStore|iPhoneSimulator.Build.0 = Release|x86
		{FBF6ADA8-03F6-4399-ACDE-65A9DB0BB17C}.AppStore|iPhoneSimulator.Deploy.0 = Release|x86
		{FBF6ADA8-03F6-4399-ACDE-65A9DB0BB17C}.AppStore|x64.ActiveCfg = Release|x64
		{FBF6ADA8-03F6-4399-ACDE-65A9DB0BB17C}.AppStore|x64.Build.0 = Release|x64
		{FBF6ADA8-03F6-4399-ACDE-65A9DB0BB17C}.AppStore|x64.Deploy.0 = Release|x64
		{FBF6ADA8-03F6-4399-ACDE-65A9DB0BB17C}.AppStore|x86.ActiveCfg = Release|x86
		{FBF6ADA8-03F6-4399-ACDE-65A9DB0BB17C}.AppStore|x86.Build.0 = Release|x86
		{FBF6ADA8-03F6-4399-ACDE-65A9DB0BB17C}.AppStore|x86.Deploy.0 = Release|x86
		{FBF6ADA8-03F6-4399-ACDE-65A9DB0BB17C}.Debug|Any CPU.ActiveCfg = Debug|x86
		{FBF6ADA8-03F6-4399-ACDE-65A9DB0BB17C}.Debug|Any CPU.Build.0 = Debug|x86
		{FBF6ADA8-03F6-4399-ACDE-65A9DB0BB17C}.Debug|Any CPU.Deploy.0 = Debug|x86
		{FBF6ADA8-03F6-4399-ACDE-65A9DB0BB17C}.Debug|ARM.ActiveCfg = Debug|ARM
		{FBF6ADA8-03F6-4399-ACDE-65A9DB0BB17C}.Debug|ARM.Build.0 = Debug|ARM
		{FBF6ADA8-03F6-4399-ACDE-65A9DB0BB17C}.Debug|ARM.Deploy.0 = Debug|ARM
		{FBF6ADA8-03F6-4399-ACDE-65A9DB0BB17C}.Debug|iPhone.ActiveCfg = Debug|x86
		{FBF6ADA8-03F6-4399-ACDE-65A9DB0BB17C}.Debug|iPhoneSimulator.ActiveCfg = Debug|x86
		{FBF6ADA8-03F6-4399-ACDE-65A9DB0BB17C}.Debug|iPhoneSimulator.Build.0 = Debug|x86
		{FBF6ADA8-03F6-4399-ACDE-65A9DB0BB17C}.Debug|iPhoneSimulator.Deploy.0 = Debug|x86
		{FBF6ADA8-03F6-4399-ACDE-65A9DB0BB17C}.Debug|x64.ActiveCfg = Debug|x64
		{FBF6ADA8-03F6-4399-ACDE-65A9DB0BB17C}.Debug|x64.Build.0 = Debug|x64
		{FBF6ADA8-03F6-4399-ACDE-65A9DB0BB17C}.Debug|x64.Deploy.0 = Debug|x64
		{FBF6ADA8-03F6-4399-ACDE-65A9DB0BB17C}.Debug|x86.ActiveCfg = Debug|x86
		{FBF6ADA8-03F6-4399-ACDE-65A9DB0BB17C}.Debug|x86.Build.0 = Debug|x86
		{FBF6ADA8-03F6-4399-ACDE-65A9DB0BB17C}.Debug|x86.Deploy.0 = Debug|x86
		{FBF6ADA8-03F6-4399-ACDE-65A9DB0BB17C}.Release|Any CPU.ActiveCfg = Release|x86
		{FBF6ADA8-03F6-4399-ACDE-65A9DB0BB17C}.Release|ARM.ActiveCfg = Release|ARM
		{FBF6ADA8-03F6-4399-ACDE-65A9DB0BB17C}.Release|ARM.Build.0 = Release|ARM
		{FBF6ADA8-03F6-4399-ACDE-65A9DB0BB17C}.Release|ARM.Deploy.0 = Release|ARM
		{FBF6ADA8-03F6-4399-ACDE-65A9DB0BB17C}.Release|iPhone.ActiveCfg = Release|x86
		{FBF6ADA8-03F6-4399-ACDE-65A9DB0BB17C}.Release|iPhoneSimulator.ActiveCfg = Release|x86
		{FBF6ADA8-03F6-4399-ACDE-65A9DB0BB17C}.Release|x64.ActiveCfg = Release|x64
		{FBF6ADA8-03F6-4399-ACDE-65A9DB0BB17C}.Release|x64.Build.0 = Release|x64
		{FBF6ADA8-03F6-4399-ACDE-65A9DB0BB17C}.Release|x64.Deploy.0 = Release|x64
		{FBF6ADA8-03F6-4399-ACDE-65A9DB0BB17C}.Release|x86.ActiveCfg = Release|x86
		{FBF6ADA8-03F6-4399-ACDE-65A9DB0BB17C}.Release|x86.Build.0 = Release|x86
		{FBF6ADA8-03F6-4399-ACDE-65A9DB0BB17C}.Release|x86.Deploy.0 = Release|x86
		{419E2EF5-7E9F-4BFB-9389-D2A8E0F329ED}.Ad-Hoc|Any CPU.ActiveCfg = Ad-Hoc|iPhone
		{419E2EF5-7E9F-4BFB-9389-D2A8E0F329ED}.Ad-Hoc|ARM.ActiveCfg = Ad-Hoc|iPhone
		{419E2EF5-7E9F-4BFB-9389-D2A8E0F329ED}.Ad-Hoc|iPhone.ActiveCfg = Ad-Hoc|iPhone
		{419E2EF5-7E9F-4BFB-9389-D2A8E0F329ED}.Ad-Hoc|iPhone.Build.0 = Ad-Hoc|iPhone
		{419E2EF5-7E9F-4BFB-9389-D2A8E0F329ED}.Ad-Hoc|iPhoneSimulator.ActiveCfg = Ad-Hoc|iPhoneSimulator
		{419E2EF5-7E9F-4BFB-9389-D2A8E0F329ED}.Ad-Hoc|iPhoneSimulator.Build.0 = Ad-Hoc|iPhoneSimulator
		{419E2EF5-7E9F-4BFB-9389-D2A8E0F329ED}.Ad-Hoc|x64.ActiveCfg = Ad-Hoc|iPhone
		{419E2EF5-7E9F-4BFB-9389-D2A8E0F329ED}.Ad-Hoc|x86.ActiveCfg = Ad-Hoc|iPhone
		{419E2EF5-7E9F-4BFB-9389-D2A8E0F329ED}.AppStore|Any CPU.ActiveCfg = AppStore|iPhone
		{419E2EF5-7E9F-4BFB-9389-D2A8E0F329ED}.AppStore|ARM.ActiveCfg = AppStore|iPhone
		{419E2EF5-7E9F-4BFB-9389-D2A8E0F329ED}.AppStore|iPhone.ActiveCfg = AppStore|iPhone
		{419E2EF5-7E9F-4BFB-9389-D2A8E0F329ED}.AppStore|iPhone.Build.0 = AppStore|iPhone
		{419E2EF5-7E9F-4BFB-9389-D2A8E0F329ED}.AppStore|iPhoneSimulator.ActiveCfg = AppStore|iPhoneSimulator
		{419E2EF5-7E9F-4BFB-9389-D2A8E0F329ED}.AppStore|iPhoneSimulator.Build.0 = AppStore|iPhoneSimulator
		{419E2EF5-7E9F-4BFB-9389-D2A8E0F329ED}.AppStore|x64.ActiveCfg = AppStore|iPhone
		{419E2EF5-7E9F-4BFB-9389-D2A8E0F329ED}.AppStore|x86.ActiveCfg = AppStore|iPhone
		{419E2EF5-7E9F-4BFB-9389-D2A8E0F329ED}.Debug|Any CPU.ActiveCfg = Debug|iPhone
		{419E2EF5-7E9F-4BFB-9389-D2A8E0F329ED}.Debug|Any CPU.Build.0 = Debug|iPhone
		{419E2EF5-7E9F-4BFB-9389-D2A8E0F329ED}.Debug|ARM.ActiveCfg = Debug|iPhone
		{419E2EF5-7E9F-4BFB-9389-D2A8E0F329ED}.Debug|iPhone.ActiveCfg = Debug|iPhone
		{419E2EF5-7E9F-4BFB-9389-D2A8E0F329ED}.Debug|iPhone.Build.0 = Debug|iPhone
		{419E2EF5-7E9F-4BFB-9389-D2A8E0F329ED}.Debug|iPhoneSimulator.ActiveCfg = Debug|iPhoneSimulator
		{419E2EF5-7E9F-4BFB-9389-D2A8E0F329ED}.Debug|iPhoneSimulator.Build.0 = Debug|iPhoneSimulator
		{419E2EF5-7E9F-4BFB-9389-D2A8E0F329ED}.Debug|x64.ActiveCfg = Debug|iPhone
		{419E2EF5-7E9F-4BFB-9389-D2A8E0F329ED}.Debug|x86.ActiveCfg = Debug|iPhone
		{419E2EF5-7E9F-4BFB-9389-D2A8E0F329ED}.Release|Any CPU.ActiveCfg = Release|iPhone
		{419E2EF5-7E9F-4BFB-9389-D2A8E0F329ED}.Release|ARM.ActiveCfg = Release|iPhone
		{419E2EF5-7E9F-4BFB-9389-D2A8E0F329ED}.Release|iPhone.ActiveCfg = Release|iPhone
		{419E2EF5-7E9F-4BFB-9389-D2A8E0F329ED}.Release|iPhone.Build.0 = Release|iPhone
		{419E2EF5-7E9F-4BFB-9389-D2A8E0F329ED}.Release|iPhoneSimulator.ActiveCfg = Release|iPhoneSimulator
		{419E2EF5-7E9F-4BFB-9389-D2A8E0F329ED}.Release|iPhoneSimulator.Build.0 = Release|iPhoneSimulator
		{419E2EF5-7E9F-4BFB-9389-D2A8E0F329ED}.Release|x64.ActiveCfg = Release|iPhone
		{419E2EF5-7E9F-4BFB-9389-D2A8E0F329ED}.Release|x86.ActiveCfg = Release|iPhone
		{5FD40872-09FC-46C4-892D-084C419EE126}.Ad-Hoc|Any CPU.ActiveCfg = Release|Any CPU
		{5FD40872-09FC-46C4-892D-084C419EE126}.Ad-Hoc|Any CPU.Build.0 = Release|Any CPU
		{5FD40872-09FC-46C4-892D-084C419EE126}.Ad-Hoc|ARM.ActiveCfg = Release|Any CPU
		{5FD40872-09FC-46C4-892D-084C419EE126}.Ad-Hoc|ARM.Build.0 = Release|Any CPU
		{5FD40872-09FC-46C4-892D-084C419EE126}.Ad-Hoc|iPhone.ActiveCfg = Release|Any CPU
		{5FD40872-09FC-46C4-892D-084C419EE126}.Ad-Hoc|iPhone.Build.0 = Release|Any CPU
		{5FD40872-09FC-46C4-892D-084C419EE126}.Ad-Hoc|iPhoneSimulator.ActiveCfg = Release|Any CPU
		{5FD40872-09FC-46C4-892D-084C419EE126}.Ad-Hoc|iPhoneSimulator.Build.0 = Release|Any CPU
		{5FD40872-09FC-46C4-892D-084C419EE126}.Ad-Hoc|x64.ActiveCfg = Release|Any CPU
		{5FD40872-09FC-46C4-892D-084C419EE126}.Ad-Hoc|x64.Build.0 = Release|Any CPU
		{5FD40872-09FC-46C4-892D-084C419EE126}.Ad-Hoc|x86.ActiveCfg = Release|Any CPU
		{5FD40872-09FC-46C4-892D-084C419EE126}.Ad-Hoc|x86.Build.0 = Release|Any CPU
		{5FD40872-09FC-46C4-892D-084C419EE126}.AppStore|Any CPU.ActiveCfg = Release|Any CPU
		{5FD40872-09FC-46C4-892D-084C419EE126}.AppStore|Any CPU.Build.0 = Release|Any CPU
		{5FD40872-09FC-46C4-892D-084C419EE126}.AppStore|ARM.ActiveCfg = Release|Any CPU
		{5FD40872-09FC-46C4-892D-084C419EE126}.AppStore|ARM.Build.0 = Release|Any CPU
		{5FD40872-09FC-46C4-892D-084C419EE126}.AppStore|iPhone.ActiveCfg = Release|Any CPU
		{5FD40872-09FC-46C4-892D-084C419EE126}.AppStore|iPhone.Build.0 = Release|Any CPU
		{5FD40872-09FC-46C4-892D-084C419EE126}.AppStore|iPhoneSimulator.ActiveCfg = Release|Any CPU
		{5FD40872-09FC-46C4-892D-084C419EE126}.AppStore|iPhoneSimulator.Build.0 = Release|Any CPU
		{5FD40872-09FC-46C4-892D-084C419EE126}.AppStore|x64.ActiveCfg = Release|Any CPU
		{5FD40872-09FC-46C4-892D-084C419EE126}.AppStore|x64.Build.0 = Release|Any CPU
		{5FD40872-09FC-46C4-892D-084C419EE126}.AppStore|x86.ActiveCfg = Release|Any CPU
		{5FD40872-09FC-46C4-892D-084C419EE126}.AppStore|x86.Build.0 = Release|Any CPU
		{5FD40872-09FC-46C4-892D-084C419EE126}.Debug|Any CPU.ActiveCfg = Debug|Any CPU
		{5FD40872-09FC-46C4-892D-084C419EE126}.Debug|Any CPU.Build.0 = Debug|Any CPU
		{5FD40872-09FC-46C4-892D-084C419EE126}.Debug|ARM.ActiveCfg = Debug|Any CPU
		{5FD40872-09FC-46C4-892D-084C419EE126}.Debug|ARM.Build.0 = Debug|Any CPU
		{5FD40872-09FC-46C4-892D-084C419EE126}.Debug|iPhone.ActiveCfg = Debug|Any CPU
		{5FD40872-09FC-46C4-892D-084C419EE126}.Debug|iPhone.Build.0 = Debug|Any CPU
		{5FD40872-09FC-46C4-892D-084C419EE126}.Debug|iPhoneSimulator.ActiveCfg = Debug|Any CPU
		{5FD40872-09FC-46C4-892D-084C419EE126}.Debug|iPhoneSimulator.Build.0 = Debug|Any CPU
		{5FD40872-09FC-46C4-892D-084C419EE126}.Debug|x64.ActiveCfg = Debug|Any CPU
		{5FD40872-09FC-46C4-892D-084C419EE126}.Debug|x64.Build.0 = Debug|Any CPU
		{5FD40872-09FC-46C4-892D-084C419EE126}.Debug|x86.ActiveCfg = Debug|Any CPU
		{5FD40872-09FC-46C4-892D-084C419EE126}.Debug|x86.Build.0 = Debug|Any CPU
		{5FD40872-09FC-46C4-892D-084C419EE126}.Release|Any CPU.ActiveCfg = Release|Any CPU
		{5FD40872-09FC-46C4-892D-084C419EE126}.Release|Any CPU.Build.0 = Release|Any CPU
		{5FD40872-09FC-46C4-892D-084C419EE126}.Release|ARM.ActiveCfg = Release|Any CPU
		{5FD40872-09FC-46C4-892D-084C419EE126}.Release|ARM.Build.0 = Release|Any CPU
		{5FD40872-09FC-46C4-892D-084C419EE126}.Release|iPhone.ActiveCfg = Release|Any CPU
		{5FD40872-09FC-46C4-892D-084C419EE126}.Release|iPhone.Build.0 = Release|Any CPU
		{5FD40872-09FC-46C4-892D-084C419EE126}.Release|iPhoneSimulator.ActiveCfg = Release|Any CPU
		{5FD40872-09FC-46C4-892D-084C419EE126}.Release|iPhoneSimulator.Build.0 = Release|Any CPU
		{5FD40872-09FC-46C4-892D-084C419EE126}.Release|x64.ActiveCfg = Release|Any CPU
		{5FD40872-09FC-46C4-892D-084C419EE126}.Release|x64.Build.0 = Release|Any CPU
		{5FD40872-09FC-46C4-892D-084C419EE126}.Release|x86.ActiveCfg = Release|Any CPU
		{5FD40872-09FC-46C4-892D-084C419EE126}.Release|x86.Build.0 = Release|Any CPU
	EndGlobalSection
	GlobalSection(SolutionProperties) = preSolution
		HideSolutionNode = FALSE
	EndGlobalSection
EndGlobal
